
Microsoft Visual Studio Solution File, Format Version 12.00
# Visual Studio Version 17
VisualStudioVersion = 17.2.32630.192
MinimumVisualStudioVersion = 10.0.40219.1
Project("{FAE04EC0-301F-11D3-BF4B-00C04F79EFBC}") = "SQL-6.Gün", "SQL-6.Gün\SQL-6.Gün.csproj", "{823F27D0-D268-4DA8-BB59-92B333DFC8BC}"
EndProject
Global
	GlobalSection(SolutionConfigurationPlatforms) = preSolution
		Debug|Any CPU = Debug|Any CPU
		Release|Any CPU = Release|Any CPU
	EndGlobalSection
	GlobalSection(ProjectConfigurationPlatforms) = postSolution
		{823F27D0-D268-4DA8-BB59-92B333DFC8BC}.Debug|Any CPU.ActiveCfg = Debug|Any CPU
		{823F27D0-D268-4DA8-BB59-92B333DFC8BC}.Debug|Any CPU.Build.0 = Debug|Any CPU
		{823F27D0-D268-4DA8-BB59-92B333DFC8BC}.Release|Any CPU.ActiveCfg = Release|Any CPU
		{823F27D0-D268-4DA8-BB59-92B333DFC8BC}.Release|Any CPU.Build.0 = Release|Any CPU
	EndGlobalSection
	GlobalSection(SolutionProperties) = preSolution
		HideSolutionNode = FALSE
	EndGlobalSection
	GlobalSection(ExtensibilityGlobals) = postSolution
		SolutionGuid = {328796E4-74EB-4B9B-B41D-C6B540745F05}
	EndGlobalSection
EndGlobal
